{
    "_readme": [
        "This file locks the dependencies of your project to a known state",
        "Read more about it at https://getcomposer.org/doc/01-basic-usage.md#installing-dependencies",
        "This file is @generated automatically"
    ],
    "content-hash": "eb6e1f63ebf81770f384fdfbb7d3756f",
    "packages": [
        {
            "name": "aleksey/otus-composer-lib",
            "version": "v1.0.1",
            "source": {
                "type": "git",
                "url": "https://github.com/AlexseyPharisey/otus-composer-lib.git",
                "reference": "30d1b00e1a8ea5fb45a6a6e646e775f1edf8dc55"
            },
            "dist": {
                "type": "zip",
                "url": "https://api.github.com/repos/AlexseyPharisey/otus-composer-lib/zipball/30d1b00e1a8ea5fb45a6a6e646e775f1edf8dc55",
                "reference": "30d1b00e1a8ea5fb45a6a6e646e775f1edf8dc55",
                "shasum": ""
            },
            "require": {
                "php": ">=7.4.0"
            },
            "type": "library",
            "autoload": {
                "psr-4": {
                    "Aleksey\\OtusComposerLib\\": "src/"
                }
            },
            "notification-url": "https://packagist.org/downloads/",
            "authors": [
                {
                    "name": "Lexach",
                    "email": "79162875844@mail.ru"
                }
            ],
            "support": {
                "issues": "https://github.com/AlexseyPharisey/otus-composer-lib/issues",
                "source": "https://github.com/AlexseyPharisey/otus-composer-lib/tree/v1.0.1"
            },
            "time": "2024-03-17T15:45:12+00:00"
        }
    ],
    "packages-dev": [],
    "aliases": [],
    "minimum-stability": "stable",
    "stability-flags": [],
    "prefer-stable": false,
    "prefer-lowest": false,
    "platform": [],
    "platform-dev": [],
    "plugin-api-version": "2.6.0"
}
